{"1.2.0",
[{<<"chumak">>,{pkg,<<"chumak">>,<<"1.5.0">>},0},
 {<<"gpb">>,{pkg,<<"gpb">>,<<"4.21.1">>},0},
 {<<"gproc">>,{pkg,<<"gproc">>,<<"1.2.0">>},0}]}.
[
{pkg_hash,[
 {<<"chumak">>, <<"8FA5AAE063178F9914EDF6FEB5C3EEFF5CDCF33A1C6B55EFFE917FFFF2B1650B">>},
 {<<"gpb">>, <<"72E229C242D252D690ADDCFD04A6416C26C4D4D2C3521E05570A7A78B48D3BD1">>},
 {<<"gproc">>, <<"B06DC2A5AAA78F8902E6C0032F29362EA1C1CDA941216F085A04A76FC0CDF7CC">>}]},
{pkg_hash_ext,[
 {<<"chumak">>, <<"EA8C767DD9C72046126003FA1141A934C33AF478AD2BFB4F06EBC67AE6A21EB8">>},
 {<<"gpb">>, <<"C05C9AEA9E25BD341367A43B3D3EB68E951563911072259C5EC4CB6642F4EF22">>},
 {<<"gproc">>, <<"70C6F8C91FA5974296CD87974949D8EAB953230414F31C4A623FF75131E0827A">>}]}
].
